
Microsoft Visual Studio Solution File, Format Version 12.00
# Visual Studio Version 16
VisualStudioVersion = 16.0.30114.105
MinimumVisualStudioVersion = 10.0.40219.1
Project("{FAE04EC0-301F-11D3-BF4B-00C04F79EFBC}") = "WebApplication1", "WebApplication1.csproj", "{197CFDA6-58C9-4F65-A90A-A4209EA93F55}"
EndProject
Global
	GlobalSection(SolutionConfigurationPlatforms) = preSolution
		Debug|Any CPU = Debug|Any CPU
		Release|Any CPU = Release|Any CPU
	EndGlobalSection
	GlobalSection(ProjectConfigurationPlatforms) = postSolution
		{197CFDA6-58C9-4F65-A90A-A4209EA93F55}.Debug|Any CPU.ActiveCfg = Debug|Any CPU
		{197CFDA6-58C9-4F65-A90A-A4209EA93F55}.Debug|Any CPU.Build.0 = Debug|Any CPU
		{197CFDA6-58C9-4F65-A90A-A4209EA93F55}.Release|Any CPU.ActiveCfg = Release|Any CPU
		{197CFDA6-58C9-4F65-A90A-A4209EA93F55}.Release|Any CPU.Build.0 = Release|Any CPU
	EndGlobalSection
	GlobalSection(SolutionProperties) = preSolution
		HideSolutionNode = FALSE
	EndGlobalSection
	GlobalSection(ExtensibilityGlobals) = postSolution
		SolutionGuid = {3B94FE8C-F07B-4F27-B220-AB701AF60025}
	EndGlobalSection
EndGlobal
